
Microsoft Visual Studio Solution File, Format Version 12.00
# Visual Studio 15
Project("{FAE04EC0-301F-11D3-BF4B-00C04F79EFBC}") = "UnityEngine.TestRunner", "UnityEngine.TestRunner.csproj", "{6AB8732A-CBBB-BD64-A3DB-426DD91A3682}"
EndProject
Project("{FAE04EC0-301F-11D3-BF4B-00C04F79EFBC}") = "Unity.Mathematics", "Unity.Mathematics.csproj", "{430AE461-78A2-1524-E39D-3676E8285907}"
EndProject
Project("{FAE04EC0-301F-11D3-BF4B-00C04F79EFBC}") = "Unity.2D.Animation.Triangle.Runtime", "Unity.2D.Animation.Triangle.Runtime.csproj", "{912F50BE-4A34-A531-85D1-5A31755C82A6}"
EndProject
Project("{FAE04EC0-301F-11D3-BF4B-00C04F79EFBC}") = "Unity.Timeline", "Unity.Timeline.csproj", "{67ABD992-5BDF-67C3-C261-4A8FD4388C3B}"
EndProject
Project("{FAE04EC0-301F-11D3-BF4B-00C04F79EFBC}") = "UnityEngine.UI", "UnityEngine.UI.csproj", "{2456C32F-A57D-A8D9-8BE6-BB875D4028C8}"
EndProject
Project("{FAE04EC0-301F-11D3-BF4B-00C04F79EFBC}") = "Unity.TextMeshPro", "Unity.TextMeshPro.csproj", "{E4D6BCCB-F6F5-B74F-5814-D4F07E929822}"
EndProject
Project("{FAE04EC0-301F-11D3-BF4B-00C04F79EFBC}") = "Unity.2D.Animation.Runtime", "Unity.2D.Animation.Runtime.csproj", "{B550C94B-8501-164C-459C-C7CB751F9170}"
EndProject
Project("{FAE04EC0-301F-11D3-BF4B-00C04F79EFBC}") = "Unity.2D.IK.Runtime", "Unity.2D.IK.Runtime.csproj", "{35C3836D-D716-FFC3-2971-30851B9DEA4F}"
EndProject
Project("{FAE04EC0-301F-11D3-BF4B-00C04F79EFBC}") = "Unity.2D.SpriteShape.Runtime", "Unity.2D.SpriteShape.Runtime.csproj", "{B7BEF85C-30C0-F88E-87CA-774AA021A379}"
EndProject
Project("{FAE04EC0-301F-11D3-BF4B-00C04F79EFBC}") = "Assembly-CSharp", "Assembly-CSharp.csproj", "{632167FF-A5EC-B43A-95EF-47AF2B8B758D}"
EndProject
Project("{FAE04EC0-301F-11D3-BF4B-00C04F79EFBC}") = "Unity.2D.PixelPerfect", "Unity.2D.PixelPerfect.csproj", "{1F3441EA-3472-D5F4-976A-0390E945EAED}"
EndProject
Project("{FAE04EC0-301F-11D3-BF4B-00C04F79EFBC}") = "Unity.2D.Common.Runtime", "Unity.2D.Common.Runtime.csproj", "{CE992A36-69F2-C1DA-758F-348740D11EFD}"
EndProject
Project("{FAE04EC0-301F-11D3-BF4B-00C04F79EFBC}") = "Unity.InternalAPIEngineBridge.001", "Unity.InternalAPIEngineBridge.001.csproj", "{63237599-5FFA-7DDC-5FBC-FA26611C7E36}"
EndProject
Project("{FAE04EC0-301F-11D3-BF4B-00C04F79EFBC}") = "UnityEditor.TestRunner", "UnityEditor.TestRunner.csproj", "{A9A58963-0268-4CC5-6644-7E71A930C4AD}"
EndProject
Project("{FAE04EC0-301F-11D3-BF4B-00C04F79EFBC}") = "Unity.PlasticSCM.Editor", "Unity.PlasticSCM.Editor.csproj", "{72688BDC-E4A1-B5F9-23EF-35F3DF5035CC}"
EndProject
Project("{FAE04EC0-301F-11D3-BF4B-00C04F79EFBC}") = "UnityEditor.UI", "UnityEditor.UI.csproj", "{53376BE0-9987-0313-69E4-442CF293DB20}"
EndProject
Project("{FAE04EC0-301F-11D3-BF4B-00C04F79EFBC}") = "Unity.Timeline.Editor", "Unity.Timeline.Editor.csproj", "{6942961A-CEAC-5A9A-BD85-C825CA7E28BE}"
EndProject
Project("{FAE04EC0-301F-11D3-BF4B-00C04F79EFBC}") = "Unity.VisualStudio.Editor", "Unity.VisualStudio.Editor.csproj", "{CC8C4D9B-0280-F84A-BE57-A6CAC93F1BE3}"
EndProject
Project("{FAE04EC0-301F-11D3-BF4B-00C04F79EFBC}") = "Unity.2D.Psdimporter.Editor", "Unity.2D.Psdimporter.Editor.csproj", "{F5CD6FA8-58B8-3130-504B-A6E3FA414941}"
EndProject
Project("{FAE04EC0-301F-11D3-BF4B-00C04F79EFBC}") = "Unity.2D.Animation.Editor", "Unity.2D.Animation.Editor.csproj", "{EAA1BED9-3B30-7C13-BB49-19EA70C4356C}"
EndProject
Project("{FAE04EC0-301F-11D3-BF4B-00C04F79EFBC}") = "Unity.TextMeshPro.Editor", "Unity.TextMeshPro.Editor.csproj", "{E5B4B60F-242F-D0A5-9FA9-CC48EC39B34A}"
EndProject
Project("{FAE04EC0-301F-11D3-BF4B-00C04F79EFBC}") = "Unity.2D.SpriteShape.Editor", "Unity.2D.SpriteShape.Editor.csproj", "{6FE2F0F1-1468-1B5F-BDD2-01C6181F9AF2}"
EndProject
Project("{FAE04EC0-301F-11D3-BF4B-00C04F79EFBC}") = "Unity.CollabProxy.Editor", "Unity.CollabProxy.Editor.csproj", "{4A8DB299-4F1D-6580-E6A0-E704D25D97DE}"
EndProject
Project("{FAE04EC0-301F-11D3-BF4B-00C04F79EFBC}") = "PsdPlugin", "PsdPlugin.csproj", "{6C7FBF35-DB73-D58E-26F4-D600B381D7F5}"
EndProject
Project("{FAE04EC0-301F-11D3-BF4B-00C04F79EFBC}") = "Unity.2D.Path.Editor", "Unity.2D.Path.Editor.csproj", "{99B8663A-0609-32EA-A469-5A44C34AF48B}"
EndProject
Project("{FAE04EC0-301F-11D3-BF4B-00C04F79EFBC}") = "Unity.Rider.Editor", "Unity.Rider.Editor.csproj", "{4FD01847-5897-2B09-CB95-132B52574028}"
EndProject
Project("{FAE04EC0-301F-11D3-BF4B-00C04F79EFBC}") = "Unity.2D.IK.Editor", "Unity.2D.IK.Editor.csproj", "{2084CA33-0B92-E3AB-43A2-6163C8ECCDD0}"
EndProject
Project("{FAE04EC0-301F-11D3-BF4B-00C04F79EFBC}") = "Unity.2D.Sprite.Editor", "Unity.2D.Sprite.Editor.csproj", "{6C8C2E62-90DC-1678-7A70-6357A380935D}"
EndProject
Project("{FAE04EC0-301F-11D3-BF4B-00C04F79EFBC}") = "Unity.2D.Tilemap.Editor", "Unity.2D.Tilemap.Editor.csproj", "{F3988610-7EF6-2AD9-9E1A-57CDBDBD6900}"
EndProject
Project("{FAE04EC0-301F-11D3-BF4B-00C04F79EFBC}") = "Unity.2D.PixelPerfect.Editor", "Unity.2D.PixelPerfect.Editor.csproj", "{279D5C6A-2C31-7197-9D1C-E47317B1BA42}"
EndProject
Project("{FAE04EC0-301F-11D3-BF4B-00C04F79EFBC}") = "Unity.VSCode.Editor", "Unity.VSCode.Editor.csproj", "{55DCFB2E-1A03-D2F1-1B28-E0423F91786A}"
EndProject
Project("{FAE04EC0-301F-11D3-BF4B-00C04F79EFBC}") = "Unity.2D.Common.Editor", "Unity.2D.Common.Editor.csproj", "{C0C566E4-021F-C33D-2386-570ADA48A0BC}"
EndProject
Project("{FAE04EC0-301F-11D3-BF4B-00C04F79EFBC}") = "Unity.Mathematics.Editor", "Unity.Mathematics.Editor.csproj", "{E7017830-7846-FB6C-45C1-48C983B34221}"
EndProject
Project("{FAE04EC0-301F-11D3-BF4B-00C04F79EFBC}") = "Unity.InternalAPIEditorBridge.001", "Unity.InternalAPIEditorBridge.001.csproj", "{F5363F17-F919-C521-14C0-EBD454037CFD}"
EndProject
Project("{FAE04EC0-301F-11D3-BF4B-00C04F79EFBC}") = "UnityEngine.TestRunner", "UnityEngine.TestRunner.Player.csproj", "{9274991B-6398-8D3C-89FF-9B3F96249009}"
EndProject
Project("{FAE04EC0-301F-11D3-BF4B-00C04F79EFBC}") = "Unity.Mathematics", "Unity.Mathematics.Player.csproj", "{FF60CB6E-7E43-FB78-D97F-BD783565A5DD}"
EndProject
Project("{FAE04EC0-301F-11D3-BF4B-00C04F79EFBC}") = "Unity.2D.Animation.Triangle.Runtime", "Unity.2D.Animation.Triangle.Runtime.Player.csproj", "{6E66A202-C202-BF87-9712-FE4762013456}"
EndProject
Project("{FAE04EC0-301F-11D3-BF4B-00C04F79EFBC}") = "Unity.Timeline", "Unity.Timeline.Player.csproj", "{C70ED030-153B-107D-1DD8-796B6D8951A3}"
EndProject
Project("{FAE04EC0-301F-11D3-BF4B-00C04F79EFBC}") = "UnityEngine.UI", "UnityEngine.UI.Player.csproj", "{E3A2865F-AD86-C0C9-D435-1C35D28B8EB6}"
EndProject
Project("{FAE04EC0-301F-11D3-BF4B-00C04F79EFBC}") = "Unity.TextMeshPro", "Unity.TextMeshPro.Player.csproj", "{188FA4D9-013C-F699-D672-1FA5F66854D6}"
EndProject
Project("{FAE04EC0-301F-11D3-BF4B-00C04F79EFBC}") = "Unity.2D.Animation.Runtime", "Unity.2D.Animation.Runtime.Player.csproj", "{66C4255A-78E4-C7B6-EDE8-CCFBF54BE571}"
EndProject
Project("{FAE04EC0-301F-11D3-BF4B-00C04F79EFBC}") = "Unity.2D.IK.Runtime", "Unity.2D.IK.Runtime.Player.csproj", "{26749829-F6F9-877D-36E4-C519324AECCC}"
EndProject
Project("{FAE04EC0-301F-11D3-BF4B-00C04F79EFBC}") = "Unity.2D.SpriteShape.Runtime", "Unity.2D.SpriteShape.Runtime.Player.csproj", "{931FFFA4-043E-6A02-432D-F327F16D81A0}"
EndProject
Project("{FAE04EC0-301F-11D3-BF4B-00C04F79EFBC}") = "Assembly-CSharp", "Assembly-CSharp.Player.csproj", "{79B93A9C-0BFE-1213-B060-C8806B958B55}"
EndProject
Project("{FAE04EC0-301F-11D3-BF4B-00C04F79EFBC}") = "Unity.2D.PixelPerfect", "Unity.2D.PixelPerfect.Player.csproj", "{8AC56EDE-5884-CDA4-1551-BDCC76301AE5}"
EndProject
Project("{FAE04EC0-301F-11D3-BF4B-00C04F79EFBC}") = "Unity.2D.Common.Runtime", "Unity.2D.Common.Runtime.Player.csproj", "{4A64EC64-616D-2131-1385-8CD4E45AC28A}"
EndProject
Project("{FAE04EC0-301F-11D3-BF4B-00C04F79EFBC}") = "Unity.InternalAPIEngineBridge.001", "Unity.InternalAPIEngineBridge.001.Player.csproj", "{9C77B7ED-915E-5656-4F1D-642337F082A2}"
EndProject
Global
	GlobalSection(SolutionConfigurationPlatforms) = preSolution
		Debug|Any CPU = Debug|Any CPU
		Release|Any CPU = Release|Any CPU
	EndGlobalSection
	GlobalSection(ProjectConfigurationPlatforms) = postSolution
		{6AB8732A-CBBB-BD64-A3DB-426DD91A3682}.Debug|Any CPU.ActiveCfg = Debug|Any CPU
		{6AB8732A-CBBB-BD64-A3DB-426DD91A3682}.Debug|Any CPU.Build.0 = Debug|Any CPU
		{6AB8732A-CBBB-BD64-A3DB-426DD91A3682}.Release|Any CPU.ActiveCfg = Release|Any CPU
		{6AB8732A-CBBB-BD64-A3DB-426DD91A3682}.Release|Any CPU.Build.0 = Release|Any CPU
		{430AE461-78A2-1524-E39D-3676E8285907}.Debug|Any CPU.ActiveCfg = Debug|Any CPU
		{430AE461-78A2-1524-E39D-3676E8285907}.Debug|Any CPU.Build.0 = Debug|Any CPU
		{430AE461-78A2-1524-E39D-3676E8285907}.Release|Any CPU.ActiveCfg = Release|Any CPU
		{430AE461-78A2-1524-E39D-3676E8285907}.Release|Any CPU.Build.0 = Release|Any CPU
		{912F50BE-4A34-A531-85D1-5A31755C82A6}.Debug|Any CPU.ActiveCfg = Debug|Any CPU
		{912F50BE-4A34-A531-85D1-5A31755C82A6}.Debug|Any CPU.Build.0 = Debug|Any CPU
		{912F50BE-4A34-A531-85D1-5A31755C82A6}.Release|Any CPU.ActiveCfg = Release|Any CPU
		{912F50BE-4A34-A531-85D1-5A31755C82A6}.Release|Any CPU.Build.0 = Release|Any CPU
		{67ABD992-5BDF-67C3-C261-4A8FD4388C3B}.Debug|Any CPU.ActiveCfg = Debug|Any CPU
		{67ABD992-5BDF-67C3-C261-4A8FD4388C3B}.Debug|Any CPU.Build.0 = Debug|Any CPU
		{67ABD992-5BDF-67C3-C261-4A8FD4388C3B}.Release|Any CPU.ActiveCfg = Release|Any CPU
		{67ABD992-5BDF-67C3-C261-4A8FD4388C3B}.Release|Any CPU.Build.0 = Release|Any CPU
		{2456C32F-A57D-A8D9-8BE6-BB875D4028C8}.Debug|Any CPU.ActiveCfg = Debug|Any CPU
		{2456C32F-A57D-A8D9-8BE6-BB875D4028C8}.Debug|Any CPU.Build.0 = Debug|Any CPU
		{2456C32F-A57D-A8D9-8BE6-BB875D4028C8}.Release|Any CPU.ActiveCfg = Release|Any CPU
		{2456C32F-A57D-A8D9-8BE6-BB875D4028C8}.Release|Any CPU.Build.0 = Release|Any CPU
		{E4D6BCCB-F6F5-B74F-5814-D4F07E929822}.Debug|Any CPU.ActiveCfg = Debug|Any CPU
		{E4D6BCCB-F6F5-B74F-5814-D4F07E929822}.Debug|Any CPU.Build.0 = Debug|Any CPU
		{E4D6BCCB-F6F5-B74F-5814-D4F07E929822}.Release|Any CPU.ActiveCfg = Release|Any CPU
		{E4D6BCCB-F6F5-B74F-5814-D4F07E929822}.Release|Any CPU.Build.0 = Release|Any CPU
		{B550C94B-8501-164C-459C-C7CB751F9170}.Debug|Any CPU.ActiveCfg = Debug|Any CPU
		{B550C94B-8501-164C-459C-C7CB751F9170}.Debug|Any CPU.Build.0 = Debug|Any CPU
		{B550C94B-8501-164C-459C-C7CB751F9170}.Release|Any CPU.ActiveCfg = Release|Any CPU
		{B550C94B-8501-164C-459C-C7CB751F9170}.Release|Any CPU.Build.0 = Release|Any CPU
		{35C3836D-D716-FFC3-2971-30851B9DEA4F}.Debug|Any CPU.ActiveCfg = Debug|Any CPU
		{35C3836D-D716-FFC3-2971-30851B9DEA4F}.Debug|Any CPU.Build.0 = Debug|Any CPU
		{35C3836D-D716-FFC3-2971-30851B9DEA4F}.Release|Any CPU.ActiveCfg = Release|Any CPU
		{35C3836D-D716-FFC3-2971-30851B9DEA4F}.Release|Any CPU.Build.0 = Release|Any CPU
		{B7BEF85C-30C0-F88E-87CA-774AA021A379}.Debug|Any CPU.ActiveCfg = Debug|Any CPU
		{B7BEF85C-30C0-F88E-87CA-774AA021A379}.Debug|Any CPU.Build.0 = Debug|Any CPU
		{B7BEF85C-30C0-F88E-87CA-774AA021A379}.Release|Any CPU.ActiveCfg = Release|Any CPU
		{B7BEF85C-30C0-F88E-87CA-774AA021A379}.Release|Any CPU.Build.0 = Release|Any CPU
		{632167FF-A5EC-B43A-95EF-47AF2B8B758D}.Debug|Any CPU.ActiveCfg = Debug|Any CPU
		{632167FF-A5EC-B43A-95EF-47AF2B8B758D}.Debug|Any CPU.Build.0 = Debug|Any CPU
		{632167FF-A5EC-B43A-95EF-47AF2B8B758D}.Release|Any CPU.ActiveCfg = Release|Any CPU
		{632167FF-A5EC-B43A-95EF-47AF2B8B758D}.Release|Any CPU.Build.0 = Release|Any CPU
		{1F3441EA-3472-D5F4-976A-0390E945EAED}.Debug|Any CPU.ActiveCfg = Debug|Any CPU
		{1F3441EA-3472-D5F4-976A-0390E945EAED}.Debug|Any CPU.Build.0 = Debug|Any CPU
		{1F3441EA-3472-D5F4-976A-0390E945EAED}.Release|Any CPU.ActiveCfg = Release|Any CPU
		{1F3441EA-3472-D5F4-976A-0390E945EAED}.Release|Any CPU.Build.0 = Release|Any CPU
		{CE992A36-69F2-C1DA-758F-348740D11EFD}.Debug|Any CPU.ActiveCfg = Debug|Any CPU
		{CE992A36-69F2-C1DA-758F-348740D11EFD}.Debug|Any CPU.Build.0 = Debug|Any CPU
		{CE992A36-69F2-C1DA-758F-348740D11EFD}.Release|Any CPU.ActiveCfg = Release|Any CPU
		{CE992A36-69F2-C1DA-758F-348740D11EFD}.Release|Any CPU.Build.0 = Release|Any CPU
		{63237599-5FFA-7DDC-5FBC-FA26611C7E36}.Debug|Any CPU.ActiveCfg = Debug|Any CPU
		{63237599-5FFA-7DDC-5FBC-FA26611C7E36}.Debug|Any CPU.Build.0 = Debug|Any CPU
		{63237599-5FFA-7DDC-5FBC-FA26611C7E36}.Release|Any CPU.ActiveCfg = Release|Any CPU
		{63237599-5FFA-7DDC-5FBC-FA26611C7E36}.Release|Any CPU.Build.0 = Release|Any CPU
		{A9A58963-0268-4CC5-6644-7E71A930C4AD}.Debug|Any CPU.ActiveCfg = Debug|Any CPU
		{A9A58963-0268-4CC5-6644-7E71A930C4AD}.Debug|Any CPU.Build.0 = Debug|Any CPU
		{A9A58963-0268-4CC5-6644-7E71A930C4AD}.Release|Any CPU.ActiveCfg = Release|Any CPU
		{A9A58963-0268-4CC5-6644-7E71A930C4AD}.Release|Any CPU.Build.0 = Release|Any CPU
		{72688BDC-E4A1-B5F9-23EF-35F3DF5035CC}.Debug|Any CPU.ActiveCfg = Debug|Any CPU
		{72688BDC-E4A1-B5F9-23EF-35F3DF5035CC}.Debug|Any CPU.Build.0 = Debug|Any CPU
		{72688BDC-E4A1-B5F9-23EF-35F3DF5035CC}.Release|Any CPU.ActiveCfg = Release|Any CPU
		{72688BDC-E4A1-B5F9-23EF-35F3DF5035CC}.Release|Any CPU.Build.0 = Release|Any CPU
		{53376BE0-9987-0313-69E4-442CF293DB20}.Debug|Any CPU.ActiveCfg = Debug|Any CPU
		{53376BE0-9987-0313-69E4-442CF293DB20}.Debug|Any CPU.Build.0 = Debug|Any CPU
		{53376BE0-9987-0313-69E4-442CF293DB20}.Release|Any CPU.ActiveCfg = Release|Any CPU
		{53376BE0-9987-0313-69E4-442CF293DB20}.Release|Any CPU.Build.0 = Release|Any CPU
		{6942961A-CEAC-5A9A-BD85-C825CA7E28BE}.Debug|Any CPU.ActiveCfg = Debug|Any CPU
		{6942961A-CEAC-5A9A-BD85-C825CA7E28BE}.Debug|Any CPU.Build.0 = Debug|Any CPU
		{6942961A-CEAC-5A9A-BD85-C825CA7E28BE}.Release|Any CPU.ActiveCfg = Release|Any CPU
		{6942961A-CEAC-5A9A-BD85-C825CA7E28BE}.Release|Any CPU.Build.0 = Release|Any CPU
		{CC8C4D9B-0280-F84A-BE57-A6CAC93F1BE3}.Debug|Any CPU.ActiveCfg = Debug|Any CPU
		{CC8C4D9B-0280-F84A-BE57-A6CAC93F1BE3}.Debug|Any CPU.Build.0 = Debug|Any CPU
		{CC8C4D9B-0280-F84A-BE57-A6CAC93F1BE3}.Release|Any CPU.ActiveCfg = Release|Any CPU
		{CC8C4D9B-0280-F84A-BE57-A6CAC93F1BE3}.Release|Any CPU.Build.0 = Release|Any CPU
		{F5CD6FA8-58B8-3130-504B-A6E3FA414941}.Debug|Any CPU.ActiveCfg = Debug|Any CPU
		{F5CD6FA8-58B8-3130-504B-A6E3FA414941}.Debug|Any CPU.Build.0 = Debug|Any CPU
		{F5CD6FA8-58B8-3130-504B-A6E3FA414941}.Release|Any CPU.ActiveCfg = Release|Any CPU
		{F5CD6FA8-58B8-3130-504B-A6E3FA414941}.Release|Any CPU.Build.0 = Release|Any CPU
		{EAA1BED9-3B30-7C13-BB49-19EA70C4356C}.Debug|Any CPU.ActiveCfg = Debug|Any CPU
		{EAA1BED9-3B30-7C13-BB49-19EA70C4356C}.Debug|Any CPU.Build.0 = Debug|Any CPU
		{EAA1BED9-3B30-7C13-BB49-19EA70C4356C}.Release|Any CPU.ActiveCfg = Release|Any CPU
		{EAA1BED9-3B30-7C13-BB49-19EA70C4356C}.Release|Any CPU.Build.0 = Release|Any CPU
		{E5B4B60F-242F-D0A5-9FA9-CC48EC39B34A}.Debug|Any CPU.ActiveCfg = Debug|Any CPU
		{E5B4B60F-242F-D0A5-9FA9-CC48EC39B34A}.Debug|Any CPU.Build.0 = Debug|Any CPU
		{E5B4B60F-242F-D0A5-9FA9-CC48EC39B34A}.Release|Any CPU.ActiveCfg = Release|Any CPU
		{E5B4B60F-242F-D0A5-9FA9-CC48EC39B34A}.Release|Any CPU.Build.0 = Release|Any CPU
		{6FE2F0F1-1468-1B5F-BDD2-01C6181F9AF2}.Debug|Any CPU.ActiveCfg = Debug|Any CPU
		{6FE2F0F1-1468-1B5F-BDD2-01C6181F9AF2}.Debug|Any CPU.Build.0 = Debug|Any CPU
		{6FE2F0F1-1468-1B5F-BDD2-01C6181F9AF2}.Release|Any CPU.ActiveCfg = Release|Any CPU
		{6FE2F0F1-1468-1B5F-BDD2-01C6181F9AF2}.Release|Any CPU.Build.0 = Release|Any CPU
		{4A8DB299-4F1D-6580-E6A0-E704D25D97DE}.Debug|Any CPU.ActiveCfg = Debug|Any CPU
		{4A8DB299-4F1D-6580-E6A0-E704D25D97DE}.Debug|Any CPU.Build.0 = Debug|Any CPU
		{4A8DB299-4F1D-6580-E6A0-E704D25D97DE}.Release|Any CPU.ActiveCfg = Release|Any CPU
		{4A8DB299-4F1D-6580-E6A0-E704D25D97DE}.Release|Any CPU.Build.0 = Release|Any CPU
		{6C7FBF35-DB73-D58E-26F4-D600B381D7F5}.Debug|Any CPU.ActiveCfg = Debug|Any CPU
		{6C7FBF35-DB73-D58E-26F4-D600B381D7F5}.Debug|Any CPU.Build.0 = Debug|Any CPU
		{6C7FBF35-DB73-D58E-26F4-D600B381D7F5}.Release|Any CPU.ActiveCfg = Release|Any CPU
		{6C7FBF35-DB73-D58E-26F4-D600B381D7F5}.Release|Any CPU.Build.0 = Release|Any CPU
		{99B8663A-0609-32EA-A469-5A44C34AF48B}.Debug|Any CPU.ActiveCfg = Debug|Any CPU
		{99B8663A-0609-32EA-A469-5A44C34AF48B}.Debug|Any CPU.Build.0 = Debug|Any CPU
		{99B8663A-0609-32EA-A469-5A44C34AF48B}.Release|Any CPU.ActiveCfg = Release|Any CPU
		{99B8663A-0609-32EA-A469-5A44C34AF48B}.Release|Any CPU.Build.0 = Release|Any CPU
		{4FD01847-5897-2B09-CB95-132B52574028}.Debug|Any CPU.ActiveCfg = Debug|Any CPU
		{4FD01847-5897-2B09-CB95-132B52574028}.Debug|Any CPU.Build.0 = Debug|Any CPU
		{4FD01847-5897-2B09-CB95-132B52574028}.Release|Any CPU.ActiveCfg = Release|Any CPU
		{4FD01847-5897-2B09-CB95-132B52574028}.Release|Any CPU.Build.0 = Release|Any CPU
		{2084CA33-0B92-E3AB-43A2-6163C8ECCDD0}.Debug|Any CPU.ActiveCfg = Debug|Any CPU
		{2084CA33-0B92-E3AB-43A2-6163C8ECCDD0}.Debug|Any CPU.Build.0 = Debug|Any CPU
		{2084CA33-0B92-E3AB-43A2-6163C8ECCDD0}.Release|Any CPU.ActiveCfg = Release|Any CPU
		{2084CA33-0B92-E3AB-43A2-6163C8ECCDD0}.Release|Any CPU.Build.0 = Release|Any CPU
		{6C8C2E62-90DC-1678-7A70-6357A380935D}.Debug|Any CPU.ActiveCfg = Debug|Any CPU
		{6C8C2E62-90DC-1678-7A70-6357A380935D}.Debug|Any CPU.Build.0 = Debug|Any CPU
		{6C8C2E62-90DC-1678-7A70-6357A380935D}.Release|Any CPU.ActiveCfg = Release|Any CPU
		{6C8C2E62-90DC-1678-7A70-6357A380935D}.Release|Any CPU.Build.0 = Release|Any CPU
		{F3988610-7EF6-2AD9-9E1A-57CDBDBD6900}.Debug|Any CPU.ActiveCfg = Debug|Any CPU
		{F3988610-7EF6-2AD9-9E1A-57CDBDBD6900}.Debug|Any CPU.Build.0 = Debug|Any CPU
		{F3988610-7EF6-2AD9-9E1A-57CDBDBD6900}.Release|Any CPU.ActiveCfg = Release|Any CPU
		{F3988610-7EF6-2AD9-9E1A-57CDBDBD6900}.Release|Any CPU.Build.0 = Release|Any CPU
		{279D5C6A-2C31-7197-9D1C-E47317B1BA42}.Debug|Any CPU.ActiveCfg = Debug|Any CPU
		{279D5C6A-2C31-7197-9D1C-E47317B1BA42}.Debug|Any CPU.Build.0 = Debug|Any CPU
		{279D5C6A-2C31-7197-9D1C-E47317B1BA42}.Release|Any CPU.ActiveCfg = Release|Any CPU
		{279D5C6A-2C31-7197-9D1C-E47317B1BA42}.Release|Any CPU.Build.0 = Release|Any CPU
		{55DCFB2E-1A03-D2F1-1B28-E0423F91786A}.Debug|Any CPU.ActiveCfg = Debug|Any CPU
		{55DCFB2E-1A03-D2F1-1B28-E0423F91786A}.Debug|Any CPU.Build.0 = Debug|Any CPU
		{55DCFB2E-1A03-D2F1-1B28-E0423F91786A}.Release|Any CPU.ActiveCfg = Release|Any CPU
		{55DCFB2E-1A03-D2F1-1B28-E0423F91786A}.Release|Any CPU.Build.0 = Release|Any CPU
		{C0C566E4-021F-C33D-2386-570ADA48A0BC}.Debug|Any CPU.ActiveCfg = Debug|Any CPU
		{C0C566E4-021F-C33D-2386-570ADA48A0BC}.Debug|Any CPU.Build.0 = Debug|Any CPU
		{C0C566E4-021F-C33D-2386-570ADA48A0BC}.Release|Any CPU.ActiveCfg = Release|Any CPU
		{C0C566E4-021F-C33D-2386-570ADA48A0BC}.Release|Any CPU.Build.0 = Release|Any CPU
		{E7017830-7846-FB6C-45C1-48C983B34221}.Debug|Any CPU.ActiveCfg = Debug|Any CPU
		{E7017830-7846-FB6C-45C1-48C983B34221}.Debug|Any CPU.Build.0 = Debug|Any CPU
		{E7017830-7846-FB6C-45C1-48C983B34221}.Release|Any CPU.ActiveCfg = Release|Any CPU
		{E7017830-7846-FB6C-45C1-48C983B34221}.Release|Any CPU.Build.0 = Release|Any CPU
		{F5363F17-F919-C521-14C0-EBD454037CFD}.Debug|Any CPU.ActiveCfg = Debug|Any CPU
		{F5363F17-F919-C521-14C0-EBD454037CFD}.Debug|Any CPU.Build.0 = Debug|Any CPU
		{F5363F17-F919-C521-14C0-EBD454037CFD}.Release|Any CPU.ActiveCfg = Release|Any CPU
		{F5363F17-F919-C521-14C0-EBD454037CFD}.Release|Any CPU.Build.0 = Release|Any CPU
		{9274991B-6398-8D3C-89FF-9B3F96249009}.Debug|Any CPU.ActiveCfg = Debug|Any CPU
		{9274991B-6398-8D3C-89FF-9B3F96249009}.Debug|Any CPU.Build.0 = Debug|Any CPU
		{9274991B-6398-8D3C-89FF-9B3F96249009}.Release|Any CPU.ActiveCfg = Release|Any CPU
		{9274991B-6398-8D3C-89FF-9B3F96249009}.Release|Any CPU.Build.0 = Release|Any CPU
		{FF60CB6E-7E43-FB78-D97F-BD783565A5DD}.Debug|Any CPU.ActiveCfg = Debug|Any CPU
		{FF60CB6E-7E43-FB78-D97F-BD783565A5DD}.Debug|Any CPU.Build.0 = Debug|Any CPU
		{FF60CB6E-7E43-FB78-D97F-BD783565A5DD}.Release|Any CPU.ActiveCfg = Release|Any CPU
		{FF60CB6E-7E43-FB78-D97F-BD783565A5DD}.Release|Any CPU.Build.0 = Release|Any CPU
		{6E66A202-C202-BF87-9712-FE4762013456}.Debug|Any CPU.ActiveCfg = Debug|Any CPU
		{6E66A202-C202-BF87-9712-FE4762013456}.Debug|Any CPU.Build.0 = Debug|Any CPU
		{6E66A202-C202-BF87-9712-FE4762013456}.Release|Any CPU.ActiveCfg = Release|Any CPU
		{6E66A202-C202-BF87-9712-FE4762013456}.Release|Any CPU.Build.0 = Release|Any CPU
		{C70ED030-153B-107D-1DD8-796B6D8951A3}.Debug|Any CPU.ActiveCfg = Debug|Any CPU
		{C70ED030-153B-107D-1DD8-796B6D8951A3}.Debug|Any CPU.Build.0 = Debug|Any CPU
		{C70ED030-153B-107D-1DD8-796B6D8951A3}.Release|Any CPU.ActiveCfg = Release|Any CPU
		{C70ED030-153B-107D-1DD8-796B6D8951A3}.Release|Any CPU.Build.0 = Release|Any CPU
		{E3A2865F-AD86-C0C9-D435-1C35D28B8EB6}.Debug|Any CPU.ActiveCfg = Debug|Any CPU
		{E3A2865F-AD86-C0C9-D435-1C35D28B8EB6}.Debug|Any CPU.Build.0 = Debug|Any CPU
		{E3A2865F-AD86-C0C9-D435-1C35D28B8EB6}.Release|Any CPU.ActiveCfg = Release|Any CPU
		{E3A2865F-AD86-C0C9-D435-1C35D28B8EB6}.Release|Any CPU.Build.0 = Release|Any CPU
		{188FA4D9-013C-F699-D672-1FA5F66854D6}.Debug|Any CPU.ActiveCfg = Debug|Any CPU
		{188FA4D9-013C-F699-D672-1FA5F66854D6}.Debug|Any CPU.Build.0 = Debug|Any CPU
		{188FA4D9-013C-F699-D672-1FA5F66854D6}.Release|Any CPU.ActiveCfg = Release|Any CPU
		{188FA4D9-013C-F699-D672-1FA5F66854D6}.Release|Any CPU.Build.0 = Release|Any CPU
		{66C4255A-78E4-C7B6-EDE8-CCFBF54BE571}.Debug|Any CPU.ActiveCfg = Debug|Any CPU
		{66C4255A-78E4-C7B6-EDE8-CCFBF54BE571}.Debug|Any CPU.Build.0 = Debug|Any CPU
		{66C4255A-78E4-C7B6-EDE8-CCFBF54BE571}.Release|Any CPU.ActiveCfg = Release|Any CPU
		{66C4255A-78E4-C7B6-EDE8-CCFBF54BE571}.Release|Any CPU.Build.0 = Release|Any CPU
		{26749829-F6F9-877D-36E4-C519324AECCC}.Debug|Any CPU.ActiveCfg = Debug|Any CPU
		{26749829-F6F9-877D-36E4-C519324AECCC}.Debug|Any CPU.Build.0 = Debug|Any CPU
		{26749829-F6F9-877D-36E4-C519324AECCC}.Release|Any CPU.ActiveCfg = Release|Any CPU
		{26749829-F6F9-877D-36E4-C519324AECCC}.Release|Any CPU.Build.0 = Release|Any CPU
		{931FFFA4-043E-6A02-432D-F327F16D81A0}.Debug|Any CPU.ActiveCfg = Debug|Any CPU
		{931FFFA4-043E-6A02-432D-F327F16D81A0}.Debug|Any CPU.Build.0 = Debug|Any CPU
		{931FFFA4-043E-6A02-432D-F327F16D81A0}.Release|Any CPU.ActiveCfg = Release|Any CPU
		{931FFFA4-043E-6A02-432D-F327F16D81A0}.Release|Any CPU.Build.0 = Release|Any CPU
		{79B93A9C-0BFE-1213-B060-C8806B958B55}.Debug|Any CPU.ActiveCfg = Debug|Any CPU
		{79B93A9C-0BFE-1213-B060-C8806B958B55}.Debug|Any CPU.Build.0 = Debug|Any CPU
		{79B93A9C-0BFE-1213-B060-C8806B958B55}.Release|Any CPU.ActiveCfg = Release|Any CPU
		{79B93A9C-0BFE-1213-B060-C8806B958B55}.Release|Any CPU.Build.0 = Release|Any CPU
		{8AC56EDE-5884-CDA4-1551-BDCC76301AE5}.Debug|Any CPU.ActiveCfg = Debug|Any CPU
		{8AC56EDE-5884-CDA4-1551-BDCC76301AE5}.Debug|Any CPU.Build.0 = Debug|Any CPU
		{8AC56EDE-5884-CDA4-1551-BDCC76301AE5}.Release|Any CPU.ActiveCfg = Release|Any CPU
		{8AC56EDE-5884-CDA4-1551-BDCC76301AE5}.Release|Any CPU.Build.0 = Release|Any CPU
		{4A64EC64-616D-2131-1385-8CD4E45AC28A}.Debug|Any CPU.ActiveCfg = Debug|Any CPU
		{4A64EC64-616D-2131-1385-8CD4E45AC28A}.Debug|Any CPU.Build.0 = Debug|Any CPU
		{4A64EC64-616D-2131-1385-8CD4E45AC28A}.Release|Any CPU.ActiveCfg = Release|Any CPU
		{4A64EC64-616D-2131-1385-8CD4E45AC28A}.Release|Any CPU.Build.0 = Release|Any CPU
		{9C77B7ED-915E-5656-4F1D-642337F082A2}.Debug|Any CPU.ActiveCfg = Debug|Any CPU
		{9C77B7ED-915E-5656-4F1D-642337F082A2}.Debug|Any CPU.Build.0 = Debug|Any CPU
		{9C77B7ED-915E-5656-4F1D-642337F082A2}.Release|Any CPU.ActiveCfg = Release|Any CPU
		{9C77B7ED-915E-5656-4F1D-642337F082A2}.Release|Any CPU.Build.0 = Release|Any CPU
	EndGlobalSection
	GlobalSection(SolutionProperties) = preSolution
		HideSolutionNode = FALSE
	EndGlobalSection
EndGlobal
